// !$*UTF8*$!
{
	archiveVersion = 1;
	classes = {
	};
	objectVersion = 46;
	objects = {

/* Begin PBXBuildFile section */
		5D398D171DCBAE4100A5EA57 /* Gig.swift in Sources */ = {isa = PBXBuildFile; fileRef = 5D398D161DCBAE4000A5EA57 /* Gig.swift */; };
		5D398D1B1DCBBC2200A5EA57 /* VenueDashboardViewController.swift in Sources */ = {isa = PBXBuildFile; fileRef = 5D398D1A1DCBBC2200A5EA57 /* VenueDashboardViewController.swift */; };
		5D398D1D1DD1373D00A5EA57 /* GigInfoViewController.swift in Sources */ = {isa = PBXBuildFile; fileRef = 5D398D1C1DD1373D00A5EA57 /* GigInfoViewController.swift */; };
		5D8F1E2C1DB974E500C53331 /* Main.storyboard in Resources */ = {isa = PBXBuildFile; fileRef = 5D8F1E2A1DB974E500C53331 /* Main.storyboard */; };
		5D8F1E2E1DBECC1400C53331 /* Artist.swift in Sources */ = {isa = PBXBuildFile; fileRef = 5D8F1E2D1DBECC1400C53331 /* Artist.swift */; };
		5DEFF1CE1DA56C4A00BC4F19 /* AppDelegate.swift in Sources */ = {isa = PBXBuildFile; fileRef = 5DEFF1CD1DA56C4A00BC4F19 /* AppDelegate.swift */; };
		5DEFF1D01DA56C4A00BC4F19 /* MainViewController.swift in Sources */ = {isa = PBXBuildFile; fileRef = 5DEFF1CF1DA56C4A00BC4F19 /* MainViewController.swift */; };
		5DEFF1D51DA56C4A00BC4F19 /* Assets.xcassets in Resources */ = {isa = PBXBuildFile; fileRef = 5DEFF1D41DA56C4A00BC4F19 /* Assets.xcassets */; };
		5DEFF1D81DA56C4A00BC4F19 /* LaunchScreen.storyboard in Resources */ = {isa = PBXBuildFile; fileRef = 5DEFF1D61DA56C4A00BC4F19 /* LaunchScreen.storyboard */; };
		5DEFF1E31DA56C4A00BC4F19 /* OpusTests.swift in Sources */ = {isa = PBXBuildFile; fileRef = 5DEFF1E21DA56C4A00BC4F19 /* OpusTests.swift */; };
		5DEFF1EE1DA56C4A00BC4F19 /* OpusUITests.swift in Sources */ = {isa = PBXBuildFile; fileRef = 5DEFF1ED1DA56C4A00BC4F19 /* OpusUITests.swift */; };
		5DEFF1FC1DA56CA200BC4F19 /* GoogleService-Info.plist in Resources */ = {isa = PBXBuildFile; fileRef = 5DEFF1FB1DA56CA200BC4F19 /* GoogleService-Info.plist */; };
		5DEFF1FD1DA56CA200BC4F19 /* GoogleService-Info.plist in Resources */ = {isa = PBXBuildFile; fileRef = 5DEFF1FB1DA56CA200BC4F19 /* GoogleService-Info.plist */; };
		5DEFF1FE1DA56CA200BC4F19 /* GoogleService-Info.plist in Resources */ = {isa = PBXBuildFile; fileRef = 5DEFF1FB1DA56CA200BC4F19 /* GoogleService-Info.plist */; };
		5DEFF2061DAC7F1F00BC4F19 /* User.swift in Sources */ = {isa = PBXBuildFile; fileRef = 5DEFF2051DAC7F1F00BC4F19 /* User.swift */; };
		5DEFF20C1DAC93B400BC4F19 /* UserInfoViewController.swift in Sources */ = {isa = PBXBuildFile; fileRef = 5DEFF20B1DAC93B400BC4F19 /* UserInfoViewController.swift */; };
		5DEFF2121DAEBBC500BC4F19 /* KeychainWrapper.m in Sources */ = {isa = PBXBuildFile; fileRef = 5DEFF2111DAEBBC500BC4F19 /* KeychainWrapper.m */; };
		5DEFF2141DAEC4DB00BC4F19 /* ArtistDashboardViewController.swift in Sources */ = {isa = PBXBuildFile; fileRef = 5DEFF2131DAEC4DB00BC4F19 /* ArtistDashboardViewController.swift */; };
		5DFB1C5C1DC78F8600AD5BAC /* Venue.swift in Sources */ = {isa = PBXBuildFile; fileRef = 5DFB1C5B1DC78F8600AD5BAC /* Venue.swift */; };
/* End PBXBuildFile section */

/* Begin PBXContainerItemProxy section */
		5DEFF1DF1DA56C4A00BC4F19 /* PBXContainerItemProxy */ = {
			isa = PBXContainerItemProxy;
			containerPortal = 5DEFF1C21DA56C4A00BC4F19 /* Project object */;
			proxyType = 1;
			remoteGlobalIDString = 5DEFF1C91DA56C4A00BC4F19;
			remoteInfo = Opus;
		};
		5DEFF1EA1DA56C4A00BC4F19 /* PBXContainerItemProxy */ = {
			isa = PBXContainerItemProxy;
			containerPortal = 5DEFF1C21DA56C4A00BC4F19 /* Project object */;
			proxyType = 1;
			remoteGlobalIDString = 5DEFF1C91DA56C4A00BC4F19;
			remoteInfo = Opus;
		};
/* End PBXContainerItemProxy section */

/* Begin PBXFileReference section */
		337CDE335084BD71E190D341 /* Pods-OpusTests.release.xcconfig */ = {isa = PBXFileReference; includeInIndex = 1; lastKnownFileType = text.xcconfig; name = "Pods-OpusTests.release.xcconfig"; path = "Pods/Target Support Files/Pods-OpusTests/Pods-OpusTests.release.xcconfig"; sourceTree = "<group>"; };
		5D398D161DCBAE4000A5EA57 /* Gig.swift */ = {isa = PBXFileReference; fileEncoding = 4; lastKnownFileType = sourcecode.swift; path = Gig.swift; sourceTree = "<group>"; };
		5D398D1A1DCBBC2200A5EA57 /* VenueDashboardViewController.swift */ = {isa = PBXFileReference; fileEncoding = 4; lastKnownFileType = sourcecode.swift; path = VenueDashboardViewController.swift; sourceTree = "<group>"; };
		5D398D1C1DD1373D00A5EA57 /* GigInfoViewController.swift */ = {isa = PBXFileReference; fileEncoding = 4; lastKnownFileType = sourcecode.swift; path = GigInfoViewController.swift; sourceTree = "<group>"; };
		5D8F1E2B1DB974E500C53331 /* Base */ = {isa = PBXFileReference; lastKnownFileType = file.storyboard; name = Base; path = Base.lproj/Main.storyboard; sourceTree = "<group>"; };
		5D8F1E2D1DBECC1400C53331 /* Artist.swift */ = {isa = PBXFileReference; fileEncoding = 4; lastKnownFileType = sourcecode.swift; path = Artist.swift; sourceTree = "<group>"; };
		5DEFF1CA1DA56C4A00BC4F19 /* Opus.app */ = {isa = PBXFileReference; explicitFileType = wrapper.application; includeInIndex = 0; path = Opus.app; sourceTree = BUILT_PRODUCTS_DIR; };
		5DEFF1CD1DA56C4A00BC4F19 /* AppDelegate.swift */ = {isa = PBXFileReference; lastKnownFileType = sourcecode.swift; path = AppDelegate.swift; sourceTree = "<group>"; };
		5DEFF1CF1DA56C4A00BC4F19 /* MainViewController.swift */ = {isa = PBXFileReference; lastKnownFileType = sourcecode.swift; path = MainViewController.swift; sourceTree = "<group>"; };
		5DEFF1D41DA56C4A00BC4F19 /* Assets.xcassets */ = {isa = PBXFileReference; lastKnownFileType = folder.assetcatalog; path = Assets.xcassets; sourceTree = "<group>"; };
		5DEFF1D71DA56C4A00BC4F19 /* Base */ = {isa = PBXFileReference; lastKnownFileType = file.storyboard; name = Base; path = Base.lproj/LaunchScreen.storyboard; sourceTree = "<group>"; };
		5DEFF1D91DA56C4A00BC4F19 /* Info.plist */ = {isa = PBXFileReference; lastKnownFileType = text.plist.xml; path = Info.plist; sourceTree = "<group>"; };
		5DEFF1DE1DA56C4A00BC4F19 /* OpusTests.xctest */ = {isa = PBXFileReference; explicitFileType = wrapper.cfbundle; includeInIndex = 0; path = OpusTests.xctest; sourceTree = BUILT_PRODUCTS_DIR; };
		5DEFF1E21DA56C4A00BC4F19 /* OpusTests.swift */ = {isa = PBXFileReference; lastKnownFileType = sourcecode.swift; path = OpusTests.swift; sourceTree = "<group>"; };
		5DEFF1E41DA56C4A00BC4F19 /* Info.plist */ = {isa = PBXFileReference; lastKnownFileType = text.plist.xml; path = Info.plist; sourceTree = "<group>"; };
		5DEFF1E91DA56C4A00BC4F19 /* OpusUITests.xctest */ = {isa = PBXFileReference; explicitFileType = wrapper.cfbundle; includeInIndex = 0; path = OpusUITests.xctest; sourceTree = BUILT_PRODUCTS_DIR; };
		5DEFF1ED1DA56C4A00BC4F19 /* OpusUITests.swift */ = {isa = PBXFileReference; lastKnownFileType = sourcecode.swift; path = OpusUITests.swift; sourceTree = "<group>"; };
		5DEFF1EF1DA56C4A00BC4F19 /* Info.plist */ = {isa = PBXFileReference; lastKnownFileType = text.plist.xml; path = Info.plist; sourceTree = "<group>"; };
		5DEFF1FB1DA56CA200BC4F19 /* GoogleService-Info.plist */ = {isa = PBXFileReference; fileEncoding = 4; lastKnownFileType = text.plist.xml; name = "GoogleService-Info.plist"; path = "../GoogleService-Info.plist"; sourceTree = "<group>"; };
		5DEFF1FF1DAB0E0F00BC4F19 /* Opus.entitlements */ = {isa = PBXFileReference; lastKnownFileType = text.xml; path = Opus.entitlements; sourceTree = "<group>"; };
		5DEFF2051DAC7F1F00BC4F19 /* User.swift */ = {isa = PBXFileReference; fileEncoding = 4; lastKnownFileType = sourcecode.swift; path = User.swift; sourceTree = "<group>"; };
		5DEFF20B1DAC93B400BC4F19 /* UserInfoViewController.swift */ = {isa = PBXFileReference; fileEncoding = 4; lastKnownFileType = sourcecode.swift; path = UserInfoViewController.swift; sourceTree = "<group>"; };
		5DEFF20F1DAEBBC400BC4F19 /* Opus-Bridging-Header.h */ = {isa = PBXFileReference; lastKnownFileType = sourcecode.c.h; path = "Opus-Bridging-Header.h"; sourceTree = "<group>"; };
		5DEFF2101DAEBBC500BC4F19 /* KeychainWrapper.h */ = {isa = PBXFileReference; fileEncoding = 4; lastKnownFileType = sourcecode.c.h; path = KeychainWrapper.h; sourceTree = "<group>"; };
		5DEFF2111DAEBBC500BC4F19 /* KeychainWrapper.m */ = {isa = PBXFileReference; fileEncoding = 4; lastKnownFileType = sourcecode.c.objc; path = KeychainWrapper.m; sourceTree = "<group>"; };
		5DEFF2131DAEC4DB00BC4F19 /* ArtistDashboardViewController.swift */ = {isa = PBXFileReference; fileEncoding = 4; lastKnownFileType = sourcecode.swift; path = ArtistDashboardViewController.swift; sourceTree = "<group>"; };
		5DFB1C5B1DC78F8600AD5BAC /* Venue.swift */ = {isa = PBXFileReference; fileEncoding = 4; lastKnownFileType = sourcecode.swift; path = Venue.swift; sourceTree = "<group>"; };
		9D3EFC5AA778BBF316ABC805 /* Pods-OpusUITests.release.xcconfig */ = {isa = PBXFileReference; includeInIndex = 1; lastKnownFileType = text.xcconfig; name = "Pods-OpusUITests.release.xcconfig"; path = "Pods/Target Support Files/Pods-OpusUITests/Pods-OpusUITests.release.xcconfig"; sourceTree = "<group>"; };
		A21DACF19CB8BA3D7349DB69 /* Pods-Opus.debug.xcconfig */ = {isa = PBXFileReference; includeInIndex = 1; lastKnownFileType = text.xcconfig; name = "Pods-Opus.debug.xcconfig"; path = "Pods/Target Support Files/Pods-Opus/Pods-Opus.debug.xcconfig"; sourceTree = "<group>"; };
		BFA6FA48457DE78CC50F2198 /* Pods-OpusUITests.debug.xcconfig */ = {isa = PBXFileReference; includeInIndex = 1; lastKnownFileType = text.xcconfig; name = "Pods-OpusUITests.debug.xcconfig"; path = "Pods/Target Support Files/Pods-OpusUITests/Pods-OpusUITests.debug.xcconfig"; sourceTree = "<group>"; };
		F3566E85E2964465D0F0A763 /* Pods-OpusTests.debug.xcconfig */ = {isa = PBXFileReference; includeInIndex = 1; lastKnownFileType = text.xcconfig; name = "Pods-OpusTests.debug.xcconfig"; path = "Pods/Target Support Files/Pods-OpusTests/Pods-OpusTests.debug.xcconfig"; sourceTree = "<group>"; };
		FC771EB473C0A29988486DAB /* Pods-Opus.release.xcconfig */ = {isa = PBXFileReference; includeInIndex = 1; lastKnownFileType = text.xcconfig; name = "Pods-Opus.release.xcconfig"; path = "Pods/Target Support Files/Pods-Opus/Pods-Opus.release.xcconfig"; sourceTree = "<group>"; };
/* End PBXFileReference section */

/* Begin PBXFrameworksBuildPhase section */
		5DEFF1C71DA56C4A00BC4F19 /* Frameworks */ = {
			isa = PBXFrameworksBuildPhase;
			buildActionMask = 2147483647;
			files = (
			);
			runOnlyForDeploymentPostprocessing = 0;
		};
		5DEFF1DB1DA56C4A00BC4F19 /* Frameworks */ = {
			isa = PBXFrameworksBuildPhase;
			buildActionMask = 2147483647;
			files = (
			);
			runOnlyForDeploymentPostprocessing = 0;
		};
		5DEFF1E61DA56C4A00BC4F19 /* Frameworks */ = {
			isa = PBXFrameworksBuildPhase;
			buildActionMask = 2147483647;
			files = (
			);
			runOnlyForDeploymentPostprocessing = 0;
		};
/* End PBXFrameworksBuildPhase section */

/* Begin PBXGroup section */
		004178E04FA9C58FDB4AE1E5 /* Pods */ = {
			isa = PBXGroup;
			children = (
				A21DACF19CB8BA3D7349DB69 /* Pods-Opus.debug.xcconfig */,
				FC771EB473C0A29988486DAB /* Pods-Opus.release.xcconfig */,
				F3566E85E2964465D0F0A763 /* Pods-OpusTests.debug.xcconfig */,
				337CDE335084BD71E190D341 /* Pods-OpusTests.release.xcconfig */,
				BFA6FA48457DE78CC50F2198 /* Pods-OpusUITests.debug.xcconfig */,
				9D3EFC5AA778BBF316ABC805 /* Pods-OpusUITests.release.xcconfig */,
			);
			name = Pods;
			sourceTree = "<group>";
		};
		5D398D181DCBBBB800A5EA57 /* Artist */ = {
			isa = PBXGroup;
			children = (
				5DEFF2131DAEC4DB00BC4F19 /* ArtistDashboardViewController.swift */,
			);
			name = Artist;
			sourceTree = "<group>";
		};
		5D398D191DCBBBCA00A5EA57 /* Venue */ = {
			isa = PBXGroup;
			children = (
				5D398D1A1DCBBC2200A5EA57 /* VenueDashboardViewController.swift */,
				5D398D1C1DD1373D00A5EA57 /* GigInfoViewController.swift */,
			);
			name = Venue;
			sourceTree = "<group>";
		};
		5DEFF1C11DA56C4A00BC4F19 = {
			isa = PBXGroup;
			children = (
				5DEFF1CC1DA56C4A00BC4F19 /* Opus */,
				5DEFF1E11DA56C4A00BC4F19 /* OpusTests */,
				5DEFF1EC1DA56C4A00BC4F19 /* OpusUITests */,
				5DEFF1CB1DA56C4A00BC4F19 /* Products */,
				004178E04FA9C58FDB4AE1E5 /* Pods */,
				D9443A4E96992DC6E820F87E /* Frameworks */,
			);
			sourceTree = "<group>";
		};
		5DEFF1CB1DA56C4A00BC4F19 /* Products */ = {
			isa = PBXGroup;
			children = (
				5DEFF1CA1DA56C4A00BC4F19 /* Opus.app */,
				5DEFF1DE1DA56C4A00BC4F19 /* OpusTests.xctest */,
				5DEFF1E91DA56C4A00BC4F19 /* OpusUITests.xctest */,
			);
			name = Products;
			sourceTree = "<group>";
		};
		5DEFF1CC1DA56C4A00BC4F19 /* Opus */ = {
			isa = PBXGroup;
			children = (
				5DEFF2001DAB0E4100BC4F19 /* Models */,
				5DEFF2021DAB0E6700BC4F19 /* Views */,
				5DEFF2011DAB0E5B00BC4F19 /* Controllers */,
				5DEFF1FF1DAB0E0F00BC4F19 /* Opus.entitlements */,
				5DEFF1CD1DA56C4A00BC4F19 /* AppDelegate.swift */,
				5DEFF1D41DA56C4A00BC4F19 /* Assets.xcassets */,
				5DEFF1D91DA56C4A00BC4F19 /* Info.plist */,
				5DEFF1FB1DA56CA200BC4F19 /* GoogleService-Info.plist */,
			);
			path = Opus;
			sourceTree = "<group>";
		};
		5DEFF1E11DA56C4A00BC4F19 /* OpusTests */ = {
			isa = PBXGroup;
			children = (
				5DEFF1E21DA56C4A00BC4F19 /* OpusTests.swift */,
				5DEFF1E41DA56C4A00BC4F19 /* Info.plist */,
			);
			path = OpusTests;
			sourceTree = "<group>";
		};
		5DEFF1EC1DA56C4A00BC4F19 /* OpusUITests */ = {
			isa = PBXGroup;
			children = (
				5DEFF1ED1DA56C4A00BC4F19 /* OpusUITests.swift */,
				5DEFF1EF1DA56C4A00BC4F19 /* Info.plist */,
			);
			path = OpusUITests;
			sourceTree = "<group>";
		};
		5DEFF2001DAB0E4100BC4F19 /* Models */ = {
			isa = PBXGroup;
			children = (
				5D398D161DCBAE4000A5EA57 /* Gig.swift */,
				5DEFF2101DAEBBC500BC4F19 /* KeychainWrapper.h */,
				5DEFF2111DAEBBC500BC4F19 /* KeychainWrapper.m */,
				5DEFF2051DAC7F1F00BC4F19 /* User.swift */,
				5DFB1C5B1DC78F8600AD5BAC /* Venue.swift */,
				5D8F1E2D1DBECC1400C53331 /* Artist.swift */,
				5DEFF20F1DAEBBC400BC4F19 /* Opus-Bridging-Header.h */,
			);
			name = Models;
			sourceTree = "<group>";
		};
		5DEFF2011DAB0E5B00BC4F19 /* Controllers */ = {
			isa = PBXGroup;
			children = (
				5DEFF1CF1DA56C4A00BC4F19 /* MainViewController.swift */,
				5DEFF20B1DAC93B400BC4F19 /* UserInfoViewController.swift */,
				5D398D181DCBBBB800A5EA57 /* Artist */,
				5D398D191DCBBBCA00A5EA57 /* Venue */,
			);
			name = Controllers;
			sourceTree = "<group>";
		};
		5DEFF2021DAB0E6700BC4F19 /* Views */ = {
			isa = PBXGroup;
			children = (
				5D8F1E2A1DB974E500C53331 /* Main.storyboard */,
				5DEFF1D61DA56C4A00BC4F19 /* LaunchScreen.storyboard */,
			);
			name = Views;
			sourceTree = "<group>";
		};
		D9443A4E96992DC6E820F87E /* Frameworks */ = {
			isa = PBXGroup;
			children = (
			);
			name = Frameworks;
			sourceTree = "<group>";
		};
/* End PBXGroup section */

/* Begin PBXNativeTarget section */
		5DEFF1C91DA56C4A00BC4F19 /* Opus */ = {
			isa = PBXNativeTarget;
			buildConfigurationList = 5DEFF1F21DA56C4A00BC4F19 /* Build configuration list for PBXNativeTarget "Opus" */;
			buildPhases = (
				72E1EF4457BE9FAE71E19127 /* [CP] Check Pods Manifest.lock */,
				5DEFF1C61DA56C4A00BC4F19 /* Sources */,
				5DEFF1C71DA56C4A00BC4F19 /* Frameworks */,
				5DEFF1C81DA56C4A00BC4F19 /* Resources */,
				B0E641D88812A5E5AD876E03 /* [CP] Embed Pods Frameworks */,
				16D5885D1778CA0B62AA2705 /* [CP] Copy Pods Resources */,
			);
			buildRules = (
			);
			dependencies = (
			);
			name = Opus;
			productName = Opus;
			productReference = 5DEFF1CA1DA56C4A00BC4F19 /* Opus.app */;
			productType = "com.apple.product-type.application";
		};
		5DEFF1DD1DA56C4A00BC4F19 /* OpusTests */ = {
			isa = PBXNativeTarget;
			buildConfigurationList = 5DEFF1F51DA56C4A00BC4F19 /* Build configuration list for PBXNativeTarget "OpusTests" */;
			buildPhases = (
				60B80064284F257A16BECED9 /* [CP] Check Pods Manifest.lock */,
				5DEFF1DA1DA56C4A00BC4F19 /* Sources */,
				5DEFF1DB1DA56C4A00BC4F19 /* Frameworks */,
				5DEFF1DC1DA56C4A00BC4F19 /* Resources */,
				27F1C93A7F7C1543E51692CC /* [CP] Embed Pods Frameworks */,
				7FC2852EBF3F2B60B418980C /* [CP] Copy Pods Resources */,
			);
			buildRules = (
			);
			dependencies = (
				5DEFF1E01DA56C4A00BC4F19 /* PBXTargetDependency */,
			);
			name = OpusTests;
			productName = OpusTests;
			productReference = 5DEFF1DE1DA56C4A00BC4F19 /* OpusTests.xctest */;
			productType = "com.apple.product-type.bundle.unit-test";
		};
		5DEFF1E81DA56C4A00BC4F19 /* OpusUITests */ = {
			isa = PBXNativeTarget;
			buildConfigurationList = 5DEFF1F81DA56C4A00BC4F19 /* Build configuration list for PBXNativeTarget "OpusUITests" */;
			buildPhases = (
				C61DF2A4F37997D5D34E571D /* [CP] Check Pods Manifest.lock */,
				5DEFF1E51DA56C4A00BC4F19 /* Sources */,
				5DEFF1E61DA56C4A00BC4F19 /* Frameworks */,
				5DEFF1E71DA56C4A00BC4F19 /* Resources */,
				F2580982CF095CCF48ABB4B2 /* [CP] Copy Pods Resources */,
			);
			buildRules = (
			);
			dependencies = (
				5DEFF1EB1DA56C4A00BC4F19 /* PBXTargetDependency */,
			);
			name = OpusUITests;
			productName = OpusUITests;
			productReference = 5DEFF1E91DA56C4A00BC4F19 /* OpusUITests.xctest */;
			productType = "com.apple.product-type.bundle.ui-testing";
		};
/* End PBXNativeTarget section */

/* Begin PBXProject section */
		5DEFF1C21DA56C4A00BC4F19 /* Project object */ = {
			isa = PBXProject;
			attributes = {
				LastSwiftUpdateCheck = 0730;
				LastUpgradeCheck = 0730;
				ORGANIZATIONNAME = RobMWalsh;
				TargetAttributes = {
					5DEFF1C91DA56C4A00BC4F19 = {
						CreatedOnToolsVersion = 7.3.1;
						DevelopmentTeam = Z9X5JDRV6G;
						LastSwiftMigration = 0810;
						SystemCapabilities = {
							com.apple.Keychain = {
								enabled = 1;
							};
						};
					};
					5DEFF1DD1DA56C4A00BC4F19 = {
						CreatedOnToolsVersion = 7.3.1;
						LastSwiftMigration = 0810;
						TestTargetID = 5DEFF1C91DA56C4A00BC4F19;
					};
					5DEFF1E81DA56C4A00BC4F19 = {
						CreatedOnToolsVersion = 7.3.1;
						LastSwiftMigration = 0810;
						TestTargetID = 5DEFF1C91DA56C4A00BC4F19;
					};
				};
			};
			buildConfigurationList = 5DEFF1C51DA56C4A00BC4F19 /* Build configuration list for PBXProject "Opus" */;
			compatibilityVersion = "Xcode 3.2";
			developmentRegion = English;
			hasScannedForEncodings = 0;
			knownRegions = (
				en,
				Base,
			);
			mainGroup = 5DEFF1C11DA56C4A00BC4F19;
			productRefGroup = 5DEFF1CB1DA56C4A00BC4F19 /* Products */;
			projectDirPath = "";
			projectRoot = "";
			targets = (
				5DEFF1C91DA56C4A00BC4F19 /* Opus */,
				5DEFF1DD1DA56C4A00BC4F19 /* OpusTests */,
				5DEFF1E81DA56C4A00BC4F19 /* OpusUITests */,
			);
		};
/* End PBXProject section */

/* Begin PBXResourcesBuildPhase section */
		5DEFF1C81DA56C4A00BC4F19 /* Resources */ = {
			isa = PBXResourcesBuildPhase;
			buildActionMask = 2147483647;
			files = (
				5DEFF1D81DA56C4A00BC4F19 /* LaunchScreen.storyboard in Resources */,
				5DEFF1FC1DA56CA200BC4F19 /* GoogleService-Info.plist in Resources */,
				5DEFF1D51DA56C4A00BC4F19 /* Assets.xcassets in Resources */,
				5D8F1E2C1DB974E500C53331 /* Main.storyboard in Resources */,
			);
			runOnlyForDeploymentPostprocessing = 0;
		};
		5DEFF1DC1DA56C4A00BC4F19 /* Resources */ = {
			isa = PBXResourcesBuildPhase;
			buildActionMask = 2147483647;
			files = (
				5DEFF1FD1DA56CA200BC4F19 /* GoogleService-Info.plist in Resources */,
			);
			runOnlyForDeploymentPostprocessing = 0;
		};
		5DEFF1E71DA56C4A00BC4F19 /* Resources */ = {
			isa = PBXResourcesBuildPhase;
			buildActionMask = 2147483647;
			files = (
				5DEFF1FE1DA56CA200BC4F19 /* GoogleService-Info.plist in Resources */,
			);
			runOnlyForDeploymentPostprocessing = 0;
		};
/* End PBXResourcesBuildPhase section */

/* Begin PBXShellScriptBuildPhase section */
		16D5885D1778CA0B62AA2705 /* [CP] Copy Pods Resources */ = {
			isa = PBXShellScriptBuildPhase;
			buildActionMask = 2147483647;
			files = (
			);
			inputPaths = (
			);
			name = "[CP] Copy Pods Resources";
			outputPaths = (
			);
			runOnlyForDeploymentPostprocessing = 0;
			shellPath = /bin/sh;
			shellScript = "\"${SRCROOT}/Pods/Target Support Files/Pods-Opus/Pods-Opus-resources.sh\"\n";
			showEnvVarsInLog = 0;
		};
		27F1C93A7F7C1543E51692CC /* [CP] Embed Pods Frameworks */ = {
			isa = PBXShellScriptBuildPhase;
			buildActionMask = 2147483647;
			files = (
			);
			inputPaths = (
			);
			name = "[CP] Embed Pods Frameworks";
			outputPaths = (
			);
			runOnlyForDeploymentPostprocessing = 0;
			shellPath = /bin/sh;
			shellScript = "\"${SRCROOT}/Pods/Target Support Files/Pods-OpusTests/Pods-OpusTests-frameworks.sh\"\n";
			showEnvVarsInLog = 0;
		};
		60B80064284F257A16BECED9 /* [CP] Check Pods Manifest.lock */ = {
			isa = PBXShellScriptBuildPhase;
			buildActionMask = 2147483647;
			files = (
			);
			inputPaths = (
			);
			name = "[CP] Check Pods Manifest.lock";
			outputPaths = (
			);
			runOnlyForDeploymentPostprocessing = 0;
			shellPath = /bin/sh;
			shellScript = "diff \"${PODS_ROOT}/../Podfile.lock\" \"${PODS_ROOT}/Manifest.lock\" > /dev/null\nif [[ $? != 0 ]] ; then\n    cat << EOM\nerror: The sandbox is not in sync with the Podfile.lock. Run 'pod install' or update your CocoaPods installation.\nEOM\n    exit 1\nfi\n";
			showEnvVarsInLog = 0;
		};
		72E1EF4457BE9FAE71E19127 /* [CP] Check Pods Manifest.lock */ = {
			isa = PBXShellScriptBuildPhase;
			buildActionMask = 2147483647;
			files = (
			);
			inputPaths = (
			);
			name = "[CP] Check Pods Manifest.lock";
			outputPaths = (
			);
			runOnlyForDeploymentPostprocessing = 0;
			shellPath = /bin/sh;
			shellScript = "diff \"${PODS_ROOT}/../Podfile.lock\" \"${PODS_ROOT}/Manifest.lock\" > /dev/null\nif [[ $? != 0 ]] ; then\n    cat << EOM\nerror: The sandbox is not in sync with the Podfile.lock. Run 'pod install' or update your CocoaPods installation.\nEOM\n    exit 1\nfi\n";
			showEnvVarsInLog = 0;
		};
		7FC2852EBF3F2B60B418980C /* [CP] Copy Pods Resources */ = {
			isa = PBXShellScriptBuildPhase;
			buildActionMask = 2147483647;
			files = (
			);
			inputPaths = (
			);
			name = "[CP] Copy Pods Resources";
			outputPaths = (
			);
			runOnlyForDeploymentPostprocessing = 0;
			shellPath = /bin/sh;
			shellScript = "\"${SRCROOT}/Pods/Target Support Files/Pods-OpusTests/Pods-OpusTests-resources.sh\"\n";
			showEnvVarsInLog = 0;
		};
		B0E641D88812A5E5AD876E03 /* [CP] Embed Pods Frameworks */ = {
			isa = PBXShellScriptBuildPhase;
			buildActionMask = 2147483647;
			files = (
			);
			inputPaths = (
			);
			name = "[CP] Embed Pods Frameworks";
			outputPaths = (
			);
			runOnlyForDeploymentPostprocessing = 0;
			shellPath = /bin/sh;
			shellScript = "\"${SRCROOT}/Pods/Target Support Files/Pods-Opus/Pods-Opus-frameworks.sh\"\n";
			showEnvVarsInLog = 0;
		};
		C61DF2A4F37997D5D34E571D /* [CP] Check Pods Manifest.lock */ = {
			isa = PBXShellScriptBuildPhase;
			buildActionMask = 2147483647;
			files = (
			);
			inputPaths = (
			);
			name = "[CP] Check Pods Manifest.lock";
			outputPaths = (
			);
			runOnlyForDeploymentPostprocessing = 0;
			shellPath = /bin/sh;
			shellScript = "diff \"${PODS_ROOT}/../Podfile.lock\" \"${PODS_ROOT}/Manifest.lock\" > /dev/null\nif [[ $? != 0 ]] ; then\n    cat << EOM\nerror: The sandbox is not in sync with the Podfile.lock. Run 'pod install' or update your CocoaPods installation.\nEOM\n    exit 1\nfi\n";
			showEnvVarsInLog = 0;
		};
		F2580982CF095CCF48ABB4B2 /* [CP] Copy Pods Resources */ = {
			isa = PBXShellScriptBuildPhase;
			buildActionMask = 2147483647;
			files = (
			);
			inputPaths = (
			);
			name = "[CP] Copy Pods Resources";
			outputPaths = (
			);
			runOnlyForDeploymentPostprocessing = 0;
			shellPath = /bin/sh;
			shellScript = "\"${SRCROOT}/Pods/Target Support Files/Pods-OpusUITests/Pods-OpusUITests-resources.sh\"\n";
			showEnvVarsInLog = 0;
		};
/* End PBXShellScriptBuildPhase section */

/* Begin PBXSourcesBuildPhase section */
		5DEFF1C61DA56C4A00BC4F19 /* Sources */ = {
			isa = PBXSourcesBuildPhase;
			buildActionMask = 2147483647;
			files = (
				5DEFF1D01DA56C4A00BC4F19 /* MainViewController.swift in Sources */,
				5D398D1B1DCBBC2200A5EA57 /* VenueDashboardViewController.swift in Sources */,
				5DFB1C5C1DC78F8600AD5BAC /* Venue.swift in Sources */,
				5DEFF2141DAEC4DB00BC4F19 /* ArtistDashboardViewController.swift in Sources */,
				5DEFF1CE1DA56C4A00BC4F19 /* AppDelegate.swift in Sources */,
				5DEFF2121DAEBBC500BC4F19 /* KeychainWrapper.m in Sources */,
				5D398D1D1DD1373D00A5EA57 /* GigInfoViewController.swift in Sources */,
				5DEFF20C1DAC93B400BC4F19 /* UserInfoViewController.swift in Sources */,
				5DEFF2061DAC7F1F00BC4F19 /* User.swift in Sources */,
				5D8F1E2E1DBECC1400C53331 /* Artist.swift in Sources */,
				5D398D171DCBAE4100A5EA57 /* Gig.swift in Sources */,
			);
			runOnlyForDeploymentPostprocessing = 0;
		};
		5DEFF1DA1DA56C4A00BC4F19 /* Sources */ = {
			isa = PBXSourcesBuildPhase;
			buildActionMask = 2147483647;
			files = (
				5DEFF1E31DA56C4A00BC4F19 /* OpusTests.swift in Sources */,
			);
			runOnlyForDeploymentPostprocessing = 0;
		};
		5DEFF1E51DA56C4A00BC4F19 /* Sources */ = {
			isa = PBXSourcesBuildPhase;
			buildActionMask = 2147483647;
			files = (
				5DEFF1EE1DA56C4A00BC4F19 /* OpusUITests.swift in Sources */,
			);
			runOnlyForDeploymentPostprocessing = 0;
		};
/* End PBXSourcesBuildPhase section */

/* Begin PBXTargetDependency section */
		5DEFF1E01DA56C4A00BC4F19 /* PBXTargetDependency */ = {
			isa = PBXTargetDependency;
			target = 5DEFF1C91DA56C4A00BC4F19 /* Opus */;
			targetProxy = 5DEFF1DF1DA56C4A00BC4F19 /* PBXContainerItemProxy */;
		};
		5DEFF1EB1DA56C4A00BC4F19 /* PBXTargetDependency */ = {
			isa = PBXTargetDependency;
			target = 5DEFF1C91DA56C4A00BC4F19 /* Opus */;
			targetProxy = 5DEFF1EA1DA56C4A00BC4F19 /* PBXContainerItemProxy */;
		};
/* End PBXTargetDependency section */

/* Begin PBXVariantGroup section */
		5D8F1E2A1DB974E500C53331 /* Main.storyboard */ = {
			isa = PBXVariantGroup;
			children = (
				5D8F1E2B1DB974E500C53331 /* Base */,
			);
			name = Main.storyboard;
			sourceTree = "<group>";
		};
		5DEFF1D61DA56C4A00BC4F19 /* LaunchScreen.storyboard */ = {
			isa = PBXVariantGroup;
			children = (
				5DEFF1D71DA56C4A00BC4F19 /* Base */,
			);
			name = LaunchScreen.storyboard;
			sourceTree = "<group>";
		};
/* End PBXVariantGroup section */

/* Begin XCBuildConfiguration section */
		5DEFF1F01DA56C4A00BC4F19 /* Debug */ = {
			isa = XCBuildConfiguration;
			buildSettings = {
				ALWAYS_SEARCH_USER_PATHS = NO;
				CLANG_ANALYZER_NONNULL = YES;
				CLANG_CXX_LANGUAGE_STANDARD = "gnu++0x";
				CLANG_CXX_LIBRARY = "libc++";
				CLANG_ENABLE_MODULES = YES;
				CLANG_ENABLE_OBJC_ARC = YES;
				CLANG_WARN_BOOL_CONVERSION = YES;
				CLANG_WARN_CONSTANT_CONVERSION = YES;
				CLANG_WARN_DIRECT_OBJC_ISA_USAGE = YES_ERROR;
				CLANG_WARN_EMPTY_BODY = YES;
				CLANG_WARN_ENUM_CONVERSION = YES;
				CLANG_WARN_INT_CONVERSION = YES;
				CLANG_WARN_OBJC_ROOT_CLASS = YES_ERROR;
				CLANG_WARN_UNREACHABLE_CODE = YES;
				CLANG_WARN__DUPLICATE_METHOD_MATCH = YES;
				"CODE_SIGN_IDENTITY[sdk=iphoneos*]" = "iPhone Developer";
				COPY_PHASE_STRIP = NO;
				DEBUG_INFORMATION_FORMAT = dwarf;
				ENABLE_STRICT_OBJC_MSGSEND = YES;
				ENABLE_TESTABILITY = YES;
				GCC_C_LANGUAGE_STANDARD = gnu99;
				GCC_DYNAMIC_NO_PIC = NO;
				GCC_NO_COMMON_BLOCKS = YES;
				GCC_OPTIMIZATION_LEVEL = 0;
				GCC_PREPROCESSOR_DEFINITIONS = (
					"DEBUG=1",
					"$(inherited)",
				);
				GCC_WARN_64_TO_32_BIT_CONVERSION = YES;
				GCC_WARN_ABOUT_RETURN_TYPE = YES_ERROR;
				GCC_WARN_UNDECLARED_SELECTOR = YES;
				GCC_WARN_UNINITIALIZED_AUTOS = YES_AGGRESSIVE;
				GCC_WARN_UNUSED_FUNCTION = YES;
				GCC_WARN_UNUSED_VARIABLE = YES;
				IPHONEOS_DEPLOYMENT_TARGET = 9.3;
				MTL_ENABLE_DEBUG_INFO = YES;
				ONLY_ACTIVE_ARCH = YES;
				SDKROOT = iphoneos;
				SWIFT_OPTIMIZATION_LEVEL = "-Onone";
				TARGETED_DEVICE_FAMILY = "1,2";
			};
			name = Debug;
		};
		5DEFF1F11DA56C4A00BC4F19 /* Release */ = {
			isa = XCBuildConfiguration;
			buildSettings = {
				ALWAYS_SEARCH_USER_PATHS = NO;
				CLANG_ANALYZER_NONNULL = YES;
				CLANG_CXX_LANGUAGE_STANDARD = "gnu++0x";
				CLANG_CXX_LIBRARY = "libc++";
				CLANG_ENABLE_MODULES = YES;
				CLANG_ENABLE_OBJC_ARC = YES;
				CLANG_WARN_BOOL_CONVERSION = YES;
				CLANG_WARN_CONSTANT_CONVERSION = YES;
				CLANG_WARN_DIRECT_OBJC_ISA_USAGE = YES_ERROR;
				CLANG_WARN_EMPTY_BODY = YES;
				CLANG_WARN_ENUM_CONVERSION = YES;
				CLANG_WARN_INT_CONVERSION = YES;
				CLANG_WARN_OBJC_ROOT_CLASS = YES_ERROR;
				CLANG_WARN_UNREACHABLE_CODE = YES;
				CLANG_WARN__DUPLICATE_METHOD_MATCH = YES;
				"CODE_SIGN_IDENTITY[sdk=iphoneos*]" = "iPhone Developer";
				COPY_PHASE_STRIP = NO;
				DEBUG_INFORMATION_FORMAT = "dwarf-with-dsym";
				ENABLE_NS_ASSERTIONS = NO;
				ENABLE_STRICT_OBJC_MSGSEND = YES;
				GCC_C_LANGUAGE_STANDARD = gnu99;
				GCC_NO_COMMON_BLOCKS = YES;
				GCC_WARN_64_TO_32_BIT_CONVERSION = YES;
				GCC_WARN_ABOUT_RETURN_TYPE = YES_ERROR;
				GCC_WARN_UNDECLARED_SELECTOR = YES;
				GCC_WARN_UNINITIALIZED_AUTOS = YES_AGGRESSIVE;
				GCC_WARN_UNUSED_FUNCTION = YES;
				GCC_WARN_UNUSED_VARIABLE = YES;
				IPHONEOS_DEPLOYMENT_TARGET = 9.3;
				MTL_ENABLE_DEBUG_INFO = NO;
				SDKROOT = iphoneos;
				TARGETED_DEVICE_FAMILY = "1,2";
				VALIDATE_PRODUCT = YES;
			};
			name = Release;
		};
		5DEFF1F31DA56C4A00BC4F19 /* Debug */ = {
			isa = XCBuildConfiguration;
			baseConfigurationReference = A21DACF19CB8BA3D7349DB69 /* Pods-Opus.debug.xcconfig */;
			buildSettings = {
				ASSETCATALOG_COMPILER_APPICON_NAME = AppIcon;
				CLANG_ENABLE_MODULES = YES;
				CODE_SIGN_ENTITLEMENTS = Opus/Opus.entitlements;
				CODE_SIGN_IDENTITY = "iPhone Developer";
				"CODE_SIGN_IDENTITY[sdk=iphoneos*]" = "iPhone Developer";
				INFOPLIST_FILE = Opus/Info.plist;
				LD_RUNPATH_SEARCH_PATHS = "$(inherited) @executable_path/Frameworks";
				PRODUCT_BUNDLE_IDENTIFIER = RobMWalsh.Opus;
				PRODUCT_NAME = "$(TARGET_NAME)";
				PROVISIONING_PROFILE = "";
				SWIFT_OBJC_BRIDGING_HEADER = "Opus/Opus-Bridging-Header.h";
				SWIFT_OPTIMIZATION_LEVEL = "-Onone";
				SWIFT_VERSION = 3.0;
				USER_HEADER_SEARCH_PATHS = "Pods/**";
				"USER_HEADER_SEARCH_PATHS[arch=*]" = "Pods/**";
			};
			name = Debug;
		};
		5DEFF1F41DA56C4A00BC4F19 /* Release */ = {
			isa = XCBuildConfiguration;
			baseConfigurationReference = FC771EB473C0A29988486DAB /* Pods-Opus.release.xcconfig */;
			buildSettings = {
				ASSETCATALOG_COMPILER_APPICON_NAME = AppIcon;
				CLANG_ENABLE_MODULES = YES;
				CODE_SIGN_ENTITLEMENTS = Opus/Opus.entitlements;
				CODE_SIGN_IDENTITY = "iPhone Developer";
				"CODE_SIGN_IDENTITY[sdk=iphoneos*]" = "iPhone Developer";
				INFOPLIST_FILE = Opus/Info.plist;
				LD_RUNPATH_SEARCH_PATHS = "$(inherited) @executable_path/Frameworks";
				PRODUCT_BUNDLE_IDENTIFIER = RobMWalsh.Opus;
				PRODUCT_NAME = "$(TARGET_NAME)";
				PROVISIONING_PROFILE = "";
				SWIFT_OBJC_BRIDGING_HEADER = "Opus/Opus-Bridging-Header.h";
				SWIFT_VERSION = 3.0;
				USER_HEADER_SEARCH_PATHS = "Pods/**";
			};
			name = Release;
		};
		5DEFF1F61DA56C4A00BC4F19 /* Debug */ = {
			isa = XCBuildConfiguration;
			baseConfigurationReference = F3566E85E2964465D0F0A763 /* Pods-OpusTests.debug.xcconfig */;
			buildSettings = {
				BUNDLE_LOADER = "$(TEST_HOST)";
				INFOPLIST_FILE = OpusTests/Info.plist;
				LD_RUNPATH_SEARCH_PATHS = "$(inherited) @executable_path/Frameworks @loader_path/Frameworks";
				PRODUCT_BUNDLE_IDENTIFIER = RobMWalsh.OpusTests;
				PRODUCT_NAME = "$(TARGET_NAME)";
				SWIFT_VERSION = 3.0;
				TEST_HOST = "$(BUILT_PRODUCTS_DIR)/Opus.app/Opus";
			};
			name = Debug;
		};
		5DEFF1F71DA56C4A00BC4F19 /* Release */ = {
			isa = XCBuildConfiguration;
			baseConfigurationReference = 337CDE335084BD71E190D341 /* Pods-OpusTests.release.xcconfig */;
			buildSettings = {
				BUNDLE_LOADER = "$(TEST_HOST)";
				INFOPLIST_FILE = OpusTests/Info.plist;
				LD_RUNPATH_SEARCH_PATHS = "$(inherited) @executable_path/Frameworks @loader_path/Frameworks";
				PRODUCT_BUNDLE_IDENTIFIER = RobMWalsh.OpusTests;
				PRODUCT_NAME = "$(TARGET_NAME)";
				SWIFT_VERSION = 3.0;
				TEST_HOST = "$(BUILT_PRODUCTS_DIR)/Opus.app/Opus";
			};
			name = Release;
		};
		5DEFF1F91DA56C4A00BC4F19 /* Debug */ = {
			isa = XCBuildConfiguration;
			baseConfigurationReference = BFA6FA48457DE78CC50F2198 /* Pods-OpusUITests.debug.xcconfig */;
			buildSettings = {
				INFOPLIST_FILE = OpusUITests/Info.plist;
				LD_RUNPATH_SEARCH_PATHS = "$(inherited) @executable_path/Frameworks @loader_path/Frameworks";
				PRODUCT_BUNDLE_IDENTIFIER = RobMWalsh.OpusUITests;
				PRODUCT_NAME = "$(TARGET_NAME)";
				SWIFT_VERSION = 3.0;
				TEST_TARGET_NAME = Opus;
			};
			name = Debug;
		};
		5DEFF1FA1DA56C4A00BC4F19 /* Release */ = {
			isa = XCBuildConfiguration;
			baseConfigurationReference = 9D3EFC5AA778BBF316ABC805 /* Pods-OpusUITests.release.xcconfig */;
			buildSettings = {
				INFOPLIST_FILE = OpusUITests/Info.plist;
				LD_RUNPATH_SEARCH_PATHS = "$(inherited) @executable_path/Frameworks @loader_path/Frameworks";
				PRODUCT_BUNDLE_IDENTIFIER = RobMWalsh.OpusUITests;
				PRODUCT_NAME = "$(TARGET_NAME)";
				SWIFT_VERSION = 3.0;
				TEST_TARGET_NAME = Opus;
			};
			name = Release;
		};
/* End XCBuildConfiguration section */

/* Begin XCConfigurationList section */
		5DEFF1C51DA56C4A00BC4F19 /* Build configuration list for PBXProject "Opus" */ = {
			isa = XCConfigurationList;
			buildConfigurations = (
				5DEFF1F01DA56C4A00BC4F19 /* Debug */,
				5DEFF1F11DA56C4A00BC4F19 /* Release */,
			);
			defaultConfigurationIsVisible = 0;
			defaultConfigurationName = Release;
		};
		5DEFF1F21DA56C4A00BC4F19 /* Build configuration list for PBXNativeTarget "Opus" */ = {
			isa = XCConfigurationList;
			buildConfigurations = (
				5DEFF1F31DA56C4A00BC4F19 /* Debug */,
				5DEFF1F41DA56C4A00BC4F19 /* Release */,
			);
			defaultConfigurationIsVisible = 0;
			defaultConfigurationName = Release;
		};
		5DEFF1F51DA56C4A00BC4F19 /* Build configuration list for PBXNativeTarget "OpusTests" */ = {
			isa = XCConfigurationList;
			buildConfigurations = (
				5DEFF1F61DA56C4A00BC4F19 /* Debug */,
				5DEFF1F71DA56C4A00BC4F19 /* Release */,
			);
			defaultConfigurationIsVisible = 0;
			defaultConfigurationName = Release;
		};
		5DEFF1F81DA56C4A00BC4F19 /* Build configuration list for PBXNativeTarget "OpusUITests" */ = {
			isa = XCConfigurationList;
			buildConfigurations = (
				5DEFF1F91DA56C4A00BC4F19 /* Debug */,
				5DEFF1FA1DA56C4A00BC4F19 /* Release */,
			);
			defaultConfigurationIsVisible = 0;
			defaultConfigurationName = Release;
		};
/* End XCConfigurationList section */
	};
	rootObject = 5DEFF1C21DA56C4A00BC4F19 /* Project object */;
}
